
Microsoft Visual Studio Solution File, Format Version 12.00
# Visual Studio Version 16
VisualStudioVersion = 16.0.29324.140
MinimumVisualStudioVersion = 10.0.40219.1
Project("{FAE04EC0-301F-11D3-BF4B-00C04F79EFBC}") = "WebApiEfCoreSqlServerStarter", "WebApiEfCoreSqlServerStarter\WebApiEfCoreSqlServerStarter.csproj", "{2EA32BBB-599F-4D4A-8558-333BDAED2777}"
EndProject
Global
	GlobalSection(SolutionConfigurationPlatforms) = preSolution
		Debug|Any CPU = Debug|Any CPU
		Release|Any CPU = Release|Any CPU
	EndGlobalSection
	GlobalSection(ProjectConfigurationPlatforms) = postSolution
		{2EA32BBB-599F-4D4A-8558-333BDAED2777}.Debug|Any CPU.ActiveCfg = Debug|Any CPU
		{2EA32BBB-599F-4D4A-8558-333BDAED2777}.Debug|Any CPU.Build.0 = Debug|Any CPU
		{2EA32BBB-599F-4D4A-8558-333BDAED2777}.Release|Any CPU.ActiveCfg = Release|Any CPU
		{2EA32BBB-599F-4D4A-8558-333BDAED2777}.Release|Any CPU.Build.0 = Release|Any CPU
	EndGlobalSection
	GlobalSection(SolutionProperties) = preSolution
		HideSolutionNode = FALSE
	EndGlobalSection
	GlobalSection(ExtensibilityGlobals) = postSolution
		SolutionGuid = {45E6578B-836E-44AC-9E81-C61F077C1341}
	EndGlobalSection
EndGlobal
